// !$*UTF8*$!
{
	archiveVersion = 1;
	classes = {
	};
	objectVersion = 46;
	objects = {

/* Begin PBXBuildFile section */
		F328C27A1AEF7B6300808508 /* AddTableViewController.swift in Sources */ = {isa = PBXBuildFile; fileRef = F328C2791AEF7B6300808508 /* AddTableViewController.swift */; };
		F334230E1AE09F8B002E799B /* AppDelegate.swift in Sources */ = {isa = PBXBuildFile; fileRef = F334230D1AE09F8B002E799B /* AppDelegate.swift */; };
		F33423131AE09F8B002E799B /* Main.storyboard in Resources */ = {isa = PBXBuildFile; fileRef = F33423111AE09F8B002E799B /* Main.storyboard */; };
		F33423151AE09F8B002E799B /* Images.xcassets in Resources */ = {isa = PBXBuildFile; fileRef = F33423141AE09F8B002E799B /* Images.xcassets */; };
		F33423181AE09F8B002E799B /* LaunchScreen.xib in Resources */ = {isa = PBXBuildFile; fileRef = F33423161AE09F8B002E799B /* LaunchScreen.xib */; };
		F33423241AE09F8B002E799B /* prescriptionTests.swift in Sources */ = {isa = PBXBuildFile; fileRef = F33423231AE09F8B002E799B /* prescriptionTests.swift */; };
		F334232E1AE0A0BE002E799B /* ViewController.swift in Sources */ = {isa = PBXBuildFile; fileRef = F334232D1AE0A0BE002E799B /* ViewController.swift */; };
		F3D9EE521AED3820004A387F /* MyTabBarController.swift in Sources */ = {isa = PBXBuildFile; fileRef = F3D9EE511AED3820004A387F /* MyTabBarController.swift */; };
		F3D9EE541AED3AB6004A387F /* AboutController.swift in Sources */ = {isa = PBXBuildFile; fileRef = F3D9EE531AED3AB6004A387F /* AboutController.swift */; };
		F3F22C971AEA2D6500BD3CE0 /* DetailedUILabel.swift in Sources */ = {isa = PBXBuildFile; fileRef = F3F22C961AEA2D6500BD3CE0 /* DetailedUILabel.swift */; };
		F3F22C991AEA322B00BD3CE0 /* MapKit.framework in Frameworks */ = {isa = PBXBuildFile; fileRef = F3F22C981AEA322B00BD3CE0 /* MapKit.framework */; };
/* End PBXBuildFile section */

/* Begin PBXContainerItemProxy section */
		F334231E1AE09F8B002E799B /* PBXContainerItemProxy */ = {
			isa = PBXContainerItemProxy;
			containerPortal = F33423001AE09F8B002E799B /* Project object */;
			proxyType = 1;
			remoteGlobalIDString = F33423071AE09F8B002E799B;
			remoteInfo = prescription;
		};
/* End PBXContainerItemProxy section */

/* Begin PBXFileReference section */
		F328C2791AEF7B6300808508 /* AddTableViewController.swift */ = {isa = PBXFileReference; fileEncoding = 4; lastKnownFileType = sourcecode.swift; path = AddTableViewController.swift; sourceTree = "<group>"; };
		F33423081AE09F8B002E799B /* prescription.app */ = {isa = PBXFileReference; explicitFileType = wrapper.application; includeInIndex = 0; path = prescription.app; sourceTree = BUILT_PRODUCTS_DIR; };
		F334230C1AE09F8B002E799B /* Info.plist */ = {isa = PBXFileReference; lastKnownFileType = text.plist.xml; path = Info.plist; sourceTree = "<group>"; };
		F334230D1AE09F8B002E799B /* AppDelegate.swift */ = {isa = PBXFileReference; lastKnownFileType = sourcecode.swift; path = AppDelegate.swift; sourceTree = "<group>"; };
		F33423121AE09F8B002E799B /* Base */ = {isa = PBXFileReference; lastKnownFileType = file.storyboard; name = Base; path = Base.lproj/Main.storyboard; sourceTree = "<group>"; };
		F33423141AE09F8B002E799B /* Images.xcassets */ = {isa = PBXFileReference; lastKnownFileType = folder.assetcatalog; path = Images.xcassets; sourceTree = "<group>"; };
		F33423171AE09F8B002E799B /* Base */ = {isa = PBXFileReference; lastKnownFileType = file.xib; name = Base; path = Base.lproj/LaunchScreen.xib; sourceTree = "<group>"; };
		F334231D1AE09F8B002E799B /* prescriptionTests.xctest */ = {isa = PBXFileReference; explicitFileType = wrapper.cfbundle; includeInIndex = 0; path = prescriptionTests.xctest; sourceTree = BUILT_PRODUCTS_DIR; };
		F33423221AE09F8B002E799B /* Info.plist */ = {isa = PBXFileReference; lastKnownFileType = text.plist.xml; path = Info.plist; sourceTree = "<group>"; };
		F33423231AE09F8B002E799B /* prescriptionTests.swift */ = {isa = PBXFileReference; lastKnownFileType = sourcecode.swift; path = prescriptionTests.swift; sourceTree = "<group>"; };
		F334232D1AE0A0BE002E799B /* ViewController.swift */ = {isa = PBXFileReference; fileEncoding = 4; lastKnownFileType = sourcecode.swift; path = ViewController.swift; sourceTree = "<group>"; };
		F3D9EE511AED3820004A387F /* MyTabBarController.swift */ = {isa = PBXFileReference; fileEncoding = 4; lastKnownFileType = sourcecode.swift; path = MyTabBarController.swift; sourceTree = "<group>"; };
		F3D9EE531AED3AB6004A387F /* AboutController.swift */ = {isa = PBXFileReference; fileEncoding = 4; lastKnownFileType = sourcecode.swift; path = AboutController.swift; sourceTree = "<group>"; };
		F3F22C961AEA2D6500BD3CE0 /* DetailedUILabel.swift */ = {isa = PBXFileReference; fileEncoding = 4; lastKnownFileType = sourcecode.swift; path = DetailedUILabel.swift; sourceTree = "<group>"; };
		F3F22C981AEA322B00BD3CE0 /* MapKit.framework */ = {isa = PBXFileReference; lastKnownFileType = wrapper.framework; name = MapKit.framework; path = System/Library/Frameworks/MapKit.framework; sourceTree = SDKROOT; };
/* End PBXFileReference section */

/* Begin PBXFrameworksBuildPhase section */
		F33423051AE09F8B002E799B /* Frameworks */ = {
			isa = PBXFrameworksBuildPhase;
			buildActionMask = 2147483647;
			files = (
				F3F22C991AEA322B00BD3CE0 /* MapKit.framework in Frameworks */,
			);
			runOnlyForDeploymentPostprocessing = 0;
		};
		F334231A1AE09F8B002E799B /* Frameworks */ = {
			isa = PBXFrameworksBuildPhase;
			buildActionMask = 2147483647;
			files = (
			);
			runOnlyForDeploymentPostprocessing = 0;
		};
/* End PBXFrameworksBuildPhase section */

/* Begin PBXGroup section */
		F33422FF1AE09F8B002E799B = {
			isa = PBXGroup;
			children = (
				F3F22C981AEA322B00BD3CE0 /* MapKit.framework */,
				F334230A1AE09F8B002E799B /* prescription */,
				F33423201AE09F8B002E799B /* prescriptionTests */,
				F33423091AE09F8B002E799B /* Products */,
			);
			sourceTree = "<group>";
		};
		F33423091AE09F8B002E799B /* Products */ = {
			isa = PBXGroup;
			children = (
				F33423081AE09F8B002E799B /* prescription.app */,
				F334231D1AE09F8B002E799B /* prescriptionTests.xctest */,
			);
			name = Products;
			sourceTree = "<group>";
		};
		F334230A1AE09F8B002E799B /* prescription */ = {
			isa = PBXGroup;
			children = (
				F334230D1AE09F8B002E799B /* AppDelegate.swift */,
				F33423111AE09F8B002E799B /* Main.storyboard */,
				F328C2791AEF7B6300808508 /* AddTableViewController.swift */,
				F3D9EE511AED3820004A387F /* MyTabBarController.swift */,
				F3F22C961AEA2D6500BD3CE0 /* DetailedUILabel.swift */,
				F3D9EE531AED3AB6004A387F /* AboutController.swift */,
				F33423141AE09F8B002E799B /* Images.xcassets */,
				F33423161AE09F8B002E799B /* LaunchScreen.xib */,
				F334230B1AE09F8B002E799B /* Supporting Files */,
				F334232D1AE0A0BE002E799B /* ViewController.swift */,
			);
			path = prescription;
			sourceTree = "<group>";
		};
		F334230B1AE09F8B002E799B /* Supporting Files */ = {
			isa = PBXGroup;
			children = (
				F334230C1AE09F8B002E799B /* Info.plist */,
			);
			name = "Supporting Files";
			sourceTree = "<group>";
		};
		F33423201AE09F8B002E799B /* prescriptionTests */ = {
			isa = PBXGroup;
			children = (
				F33423231AE09F8B002E799B /* prescriptionTests.swift */,
				F33423211AE09F8B002E799B /* Supporting Files */,
			);
			path = prescriptionTests;
			sourceTree = "<group>";
		};
		F33423211AE09F8B002E799B /* Supporting Files */ = {
			isa = PBXGroup;
			children = (
				F33423221AE09F8B002E799B /* Info.plist */,
			);
			name = "Supporting Files";
			sourceTree = "<group>";
		};
/* End PBXGroup section */

/* Begin PBXNativeTarget section */
		F33423071AE09F8B002E799B /* prescription */ = {
			isa = PBXNativeTarget;
			buildConfigurationList = F33423271AE09F8B002E799B /* Build configuration list for PBXNativeTarget "prescription" */;
			buildPhases = (
				F33423041AE09F8B002E799B /* Sources */,
				F33423051AE09F8B002E799B /* Frameworks */,
				F33423061AE09F8B002E799B /* Resources */,
			);
			buildRules = (
			);
			dependencies = (
			);
			name = prescription;
			productName = prescription;
			productReference = F33423081AE09F8B002E799B /* prescription.app */;
			productType = "com.apple.product-type.application";
		};
		F334231C1AE09F8B002E799B /* prescriptionTests */ = {
			isa = PBXNativeTarget;
			buildConfigurationList = F334232A1AE09F8B002E799B /* Build configuration list for PBXNativeTarget "prescriptionTests" */;
			buildPhases = (
				F33423191AE09F8B002E799B /* Sources */,
				F334231A1AE09F8B002E799B /* Frameworks */,
				F334231B1AE09F8B002E799B /* Resources */,
			);
			buildRules = (
			);
			dependencies = (
				F334231F1AE09F8B002E799B /* PBXTargetDependency */,
			);
			name = prescriptionTests;
			productName = prescriptionTests;
			productReference = F334231D1AE09F8B002E799B /* prescriptionTests.xctest */;
			productType = "com.apple.product-type.bundle.unit-test";
		};
/* End PBXNativeTarget section */

/* Begin PBXProject section */
		F33423001AE09F8B002E799B /* Project object */ = {
			isa = PBXProject;
			attributes = {
				LastUpgradeCheck = 0620;
				ORGANIZATIONNAME = Leo;
				TargetAttributes = {
					F33423071AE09F8B002E799B = {
						CreatedOnToolsVersion = 6.2;
						SystemCapabilities = {
							com.apple.Maps.iOS = {
								enabled = 1;
							};
						};
					};
					F334231C1AE09F8B002E799B = {
						CreatedOnToolsVersion = 6.2;
						TestTargetID = F33423071AE09F8B002E799B;
					};
				};
			};
			buildConfigurationList = F33423031AE09F8B002E799B /* Build configuration list for PBXProject "prescription" */;
			compatibilityVersion = "Xcode 3.2";
			developmentRegion = English;
			hasScannedForEncodings = 0;
			knownRegions = (
				en,
				Base,
			);
			mainGroup = F33422FF1AE09F8B002E799B;
			productRefGroup = F33423091AE09F8B002E799B /* Products */;
			projectDirPath = "";
			projectRoot = "";
			targets = (
				F33423071AE09F8B002E799B /* prescription */,
				F334231C1AE09F8B002E799B /* prescriptionTests */,
			);
		};
/* End PBXProject section */

/* Begin PBXResourcesBuildPhase section */
		F33423061AE09F8B002E799B /* Resources */ = {
			isa = PBXResourcesBuildPhase;
			buildActionMask = 2147483647;
			files = (
				F33423131AE09F8B002E799B /* Main.storyboard in Resources */,
				F33423181AE09F8B002E799B /* LaunchScreen.xib in Resources */,
				F33423151AE09F8B002E799B /* Images.xcassets in Resources */,
			);
			runOnlyForDeploymentPostprocessing = 0;
		};
		F334231B1AE09F8B002E799B /* Resources */ = {
			isa = PBXResourcesBuildPhase;
			buildActionMask = 2147483647;
			files = (
			);
			runOnlyForDeploymentPostprocessing = 0;
		};
/* End PBXResourcesBuildPhase section */

/* Begin PBXSourcesBuildPhase section */
		F33423041AE09F8B002E799B /* Sources */ = {
			isa = PBXSourcesBuildPhase;
			buildActionMask = 2147483647;
			files = (
				F334232E1AE0A0BE002E799B /* ViewController.swift in Sources */,
				F3D9EE541AED3AB6004A387F /* AboutController.swift in Sources */,
				F3D9EE521AED3820004A387F /* MyTabBarController.swift in Sources */,
				F3F22C971AEA2D6500BD3CE0 /* DetailedUILabel.swift in Sources */,
				F334230E1AE09F8B002E799B /* AppDelegate.swift in Sources */,
				F328C27A1AEF7B6300808508 /* AddTableViewController.swift in Sources */,
			);
			runOnlyForDeploymentPostprocessing = 0;
		};
		F33423191AE09F8B002E799B /* Sources */ = {
			isa = PBXSourcesBuildPhase;
			buildActionMask = 2147483647;
			files = (
				F33423241AE09F8B002E799B /* prescriptionTests.swift in Sources */,
			);
			runOnlyForDeploymentPostprocessing = 0;
		};
/* End PBXSourcesBuildPhase section */

/* Begin PBXTargetDependency section */
		F334231F1AE09F8B002E799B /* PBXTargetDependency */ = {
			isa = PBXTargetDependency;
			target = F33423071AE09F8B002E799B /* prescription */;
			targetProxy = F334231E1AE09F8B002E799B /* PBXContainerItemProxy */;
		};
/* End PBXTargetDependency section */

/* Begin PBXVariantGroup section */
		F33423111AE09F8B002E799B /* Main.storyboard */ = {
			isa = PBXVariantGroup;
			children = (
				F33423121AE09F8B002E799B /* Base */,
			);
			name = Main.storyboard;
			sourceTree = "<group>";
		};
		F33423161AE09F8B002E799B /* LaunchScreen.xib */ = {
			isa = PBXVariantGroup;
			children = (
				F33423171AE09F8B002E799B /* Base */,
			);
			name = LaunchScreen.xib;
			sourceTree = "<group>";
		};
/* End PBXVariantGroup section */

/* Begin XCBuildConfiguration section */
		F33423251AE09F8B002E799B /* Debug */ = {
			isa = XCBuildConfiguration;
			buildSettings = {
				ALWAYS_SEARCH_USER_PATHS = NO;
				CLANG_CXX_LANGUAGE_STANDARD = "gnu++0x";
				CLANG_CXX_LIBRARY = "libc++";
				CLANG_ENABLE_MODULES = YES;
				CLANG_ENABLE_OBJC_ARC = YES;
				CLANG_WARN_BOOL_CONVERSION = YES;
				CLANG_WARN_CONSTANT_CONVERSION = YES;
				CLANG_WARN_DIRECT_OBJC_ISA_USAGE = YES_ERROR;
				CLANG_WARN_EMPTY_BODY = YES;
				CLANG_WARN_ENUM_CONVERSION = YES;
				CLANG_WARN_INT_CONVERSION = YES;
				CLANG_WARN_OBJC_ROOT_CLASS = YES_ERROR;
				CLANG_WARN_UNREACHABLE_CODE = YES;
				CLANG_WARN__DUPLICATE_METHOD_MATCH = YES;
				"CODE_SIGN_IDENTITY[sdk=iphoneos*]" = "iPhone Developer";
				COPY_PHASE_STRIP = NO;
				ENABLE_STRICT_OBJC_MSGSEND = YES;
				GCC_C_LANGUAGE_STANDARD = gnu99;
				GCC_DYNAMIC_NO_PIC = NO;
				GCC_OPTIMIZATION_LEVEL = 0;
				GCC_PREPROCESSOR_DEFINITIONS = (
					"DEBUG=1",
					"$(inherited)",
				);
				GCC_SYMBOLS_PRIVATE_EXTERN = NO;
				GCC_WARN_64_TO_32_BIT_CONVERSION = YES;
				GCC_WARN_ABOUT_RETURN_TYPE = YES_ERROR;
				GCC_WARN_UNDECLARED_SELECTOR = YES;
				GCC_WARN_UNINITIALIZED_AUTOS = YES_AGGRESSIVE;
				GCC_WARN_UNUSED_FUNCTION = YES;
				GCC_WARN_UNUSED_VARIABLE = YES;
				IPHONEOS_DEPLOYMENT_TARGET = 8.2;
				MTL_ENABLE_DEBUG_INFO = YES;
				ONLY_ACTIVE_ARCH = YES;
				SDKROOT = iphoneos;
				SWIFT_OPTIMIZATION_LEVEL = "-Onone";
			};
			name = Debug;
		};
		F33423261AE09F8B002E799B /* Release */ = {
			isa = XCBuildConfiguration;
			buildSettings = {
				ALWAYS_SEARCH_USER_PATHS = NO;
				CLANG_CXX_LANGUAGE_STANDARD = "gnu++0x";
				CLANG_CXX_LIBRARY = "libc++";
				CLANG_ENABLE_MODULES = YES;
				CLANG_ENABLE_OBJC_ARC = YES;
				CLANG_WARN_BOOL_CONVERSION = YES;
				CLANG_WARN_CONSTANT_CONVERSION = YES;
				CLANG_WARN_DIRECT_OBJC_ISA_USAGE = YES_ERROR;
				CLANG_WARN_EMPTY_BODY = YES;
				CLANG_WARN_ENUM_CONVERSION = YES;
				CLANG_WARN_INT_CONVERSION = YES;
				CLANG_WARN_OBJC_ROOT_CLASS = YES_ERROR;
				CLANG_WARN_UNREACHABLE_CODE = YES;
				CLANG_WARN__DUPLICATE_METHOD_MATCH = YES;
				"CODE_SIGN_IDENTITY[sdk=iphoneos*]" = "iPhone Developer";
				COPY_PHASE_STRIP = NO;
				ENABLE_NS_ASSERTIONS = NO;
				ENABLE_STRICT_OBJC_MSGSEND = YES;
				GCC_C_LANGUAGE_STANDARD = gnu99;
				GCC_WARN_64_TO_32_BIT_CONVERSION = YES;
				GCC_WARN_ABOUT_RETURN_TYPE = YES_ERROR;
				GCC_WARN_UNDECLARED_SELECTOR = YES;
				GCC_WARN_UNINITIALIZED_AUTOS = YES_AGGRESSIVE;
				GCC_WARN_UNUSED_FUNCTION = YES;
				GCC_WARN_UNUSED_VARIABLE = YES;
				IPHONEOS_DEPLOYMENT_TARGET = 8.2;
				MTL_ENABLE_DEBUG_INFO = NO;
				SDKROOT = iphoneos;
				VALIDATE_PRODUCT = YES;
			};
			name = Release;
		};
		F33423281AE09F8B002E799B /* Debug */ = {
			isa = XCBuildConfiguration;
			buildSettings = {
				ASSETCATALOG_COMPILER_APPICON_NAME = AppIcon;
				INFOPLIST_FILE = prescription/Info.plist;
				LD_RUNPATH_SEARCH_PATHS = "$(inherited) @executable_path/Frameworks";
				PRODUCT_NAME = "$(TARGET_NAME)";
			};
			name = Debug;
		};
		F33423291AE09F8B002E799B /* Release */ = {
			isa = XCBuildConfiguration;
			buildSettings = {
				ASSETCATALOG_COMPILER_APPICON_NAME = AppIcon;
				INFOPLIST_FILE = prescription/Info.plist;
				LD_RUNPATH_SEARCH_PATHS = "$(inherited) @executable_path/Frameworks";
				PRODUCT_NAME = "$(TARGET_NAME)";
			};
			name = Release;
		};
		F334232B1AE09F8B002E799B /* Debug */ = {
			isa = XCBuildConfiguration;
			buildSettings = {
				BUNDLE_LOADER = "$(TEST_HOST)";
				FRAMEWORK_SEARCH_PATHS = (
					"$(SDKROOT)/Developer/Library/Frameworks",
					"$(inherited)",
				);
				GCC_PREPROCESSOR_DEFINITIONS = (
					"DEBUG=1",
					"$(inherited)",
				);
				INFOPLIST_FILE = prescriptionTests/Info.plist;
				LD_RUNPATH_SEARCH_PATHS = "$(inherited) @executable_path/Frameworks @loader_path/Frameworks";
				PRODUCT_NAME = "$(TARGET_NAME)";
				TEST_HOST = "$(BUILT_PRODUCTS_DIR)/prescription.app/prescription";
			};
			name = Debug;
		};
		F334232C1AE09F8B002E799B /* Release */ = {
			isa = XCBuildConfiguration;
			buildSettings = {
				BUNDLE_LOADER = "$(TEST_HOST)";
				FRAMEWORK_SEARCH_PATHS = (
					"$(SDKROOT)/Developer/Library/Frameworks",
					"$(inherited)",
				);
				INFOPLIST_FILE = prescriptionTests/Info.plist;
				LD_RUNPATH_SEARCH_PATHS = "$(inherited) @executable_path/Frameworks @loader_path/Frameworks";
				PRODUCT_NAME = "$(TARGET_NAME)";
				TEST_HOST = "$(BUILT_PRODUCTS_DIR)/prescription.app/prescription";
			};
			name = Release;
		};
/* End XCBuildConfiguration section */

/* Begin XCConfigurationList section */
		F33423031AE09F8B002E799B /* Build configuration list for PBXProject "prescription" */ = {
			isa = XCConfigurationList;
			buildConfigurations = (
				F33423251AE09F8B002E799B /* Debug */,
				F33423261AE09F8B002E799B /* Release */,
			);
			defaultConfigurationIsVisible = 0;
			defaultConfigurationName = Release;
		};
		F33423271AE09F8B002E799B /* Build configuration list for PBXNativeTarget "prescription" */ = {
			isa = XCConfigurationList;
			buildConfigurations = (
				F33423281AE09F8B002E799B /* Debug */,
				F33423291AE09F8B002E799B /* Release */,
			);
			defaultConfigurationIsVisible = 0;
			defaultConfigurationName = Release;
		};
		F334232A1AE09F8B002E799B /* Build configuration list for PBXNativeTarget "prescriptionTests" */ = {
			isa = XCConfigurationList;
			buildConfigurations = (
				F334232B1AE09F8B002E799B /* Debug */,
				F334232C1AE09F8B002E799B /* Release */,
			);
			defaultConfigurationIsVisible = 0;
			defaultConfigurationName = Release;
		};
/* End XCConfigurationList section */
	};
	rootObject = F33423001AE09F8B002E799B /* Project object */;
}
